
Microsoft Visual Studio Solution File, Format Version 12.00
# Visual Studio Version 16
VisualStudioVersion = 16.0.30327.8
MinimumVisualStudioVersion = 10.0.40219.1
Project("{2150E333-8FDC-42A3-9474-1A3956D46DE8}") = "Solution Items", "Solution Items", "{17423723-31C6-4A8D-9CFF-A491B65915E4}"
	ProjectSection(SolutionItems) = preProject
		.editorconfig = .editorconfig
		README.md = README.md
	EndProjectSection
EndProject
Project("{FAE04EC0-301F-11D3-BF4B-00C04F79EFBC}") = "PRServices", "PRServices\PRServices.csproj", "{044172E1-7CEC-4188-B24F-B668FAB9C70E}"
EndProject
Project("{FAE04EC0-301F-11D3-BF4B-00C04F79EFBC}") = "PRTracker", "PRTracker\PRTracker.csproj", "{A7673026-3739-4CF2-BB85-E8160F1BE0E5}"
EndProject
Global
	GlobalSection(SolutionConfigurationPlatforms) = preSolution
		Debug|Any CPU = Debug|Any CPU
		Release|Any CPU = Release|Any CPU
	EndGlobalSection
	GlobalSection(ProjectConfigurationPlatforms) = postSolution
		{044172E1-7CEC-4188-B24F-B668FAB9C70E}.Debug|Any CPU.ActiveCfg = Debug|Any CPU
		{044172E1-7CEC-4188-B24F-B668FAB9C70E}.Debug|Any CPU.Build.0 = Debug|Any CPU
		{044172E1-7CEC-4188-B24F-B668FAB9C70E}.Release|Any CPU.ActiveCfg = Release|Any CPU
		{044172E1-7CEC-4188-B24F-B668FAB9C70E}.Release|Any CPU.Build.0 = Release|Any CPU
		{A7673026-3739-4CF2-BB85-E8160F1BE0E5}.Debug|Any CPU.ActiveCfg = Debug|Any CPU
		{A7673026-3739-4CF2-BB85-E8160F1BE0E5}.Debug|Any CPU.Build.0 = Debug|Any CPU
		{A7673026-3739-4CF2-BB85-E8160F1BE0E5}.Release|Any CPU.ActiveCfg = Release|Any CPU
		{A7673026-3739-4CF2-BB85-E8160F1BE0E5}.Release|Any CPU.Build.0 = Release|Any CPU
	EndGlobalSection
	GlobalSection(SolutionProperties) = preSolution
		HideSolutionNode = FALSE
	EndGlobalSection
	GlobalSection(ExtensibilityGlobals) = postSolution
		SolutionGuid = {147829EE-379B-47D7-A391-0704DA71DFF6}
	EndGlobalSection
EndGlobal
