
Microsoft Visual Studio Solution File, Format Version 12.00
# Visual Studio 15
VisualStudioVersion = 15.0.27603.0
MinimumVisualStudioVersion = 10.0.40219.1
Project("{FAE04EC0-301F-11D3-BF4B-00C04F79EFBC}") = "PRTrackerUI", "PRTrackerUI\PRTrackerUI.csproj", "{E2FB0871-9947-4701-A59F-AAB2A91BBF57}"
EndProject
Project("{FAE04EC0-301F-11D3-BF4B-00C04F79EFBC}") = "PRServicesClient", "PRServicesClient\PRServicesClient.csproj", "{C222350F-3620-454F-AEFD-1EF33C0756E4}"
EndProject
Global
	GlobalSection(SolutionConfigurationPlatforms) = preSolution
		Debug|Any CPU = Debug|Any CPU
		Release|Any CPU = Release|Any CPU
	EndGlobalSection
	GlobalSection(ProjectConfigurationPlatforms) = postSolution
		{E2FB0871-9947-4701-A59F-AAB2A91BBF57}.Debug|Any CPU.ActiveCfg = Debug|Any CPU
		{E2FB0871-9947-4701-A59F-AAB2A91BBF57}.Debug|Any CPU.Build.0 = Debug|Any CPU
		{E2FB0871-9947-4701-A59F-AAB2A91BBF57}.Release|Any CPU.ActiveCfg = Release|Any CPU
		{E2FB0871-9947-4701-A59F-AAB2A91BBF57}.Release|Any CPU.Build.0 = Release|Any CPU
		{C222350F-3620-454F-AEFD-1EF33C0756E4}.Debug|Any CPU.ActiveCfg = Debug|Any CPU
		{C222350F-3620-454F-AEFD-1EF33C0756E4}.Debug|Any CPU.Build.0 = Debug|Any CPU
		{C222350F-3620-454F-AEFD-1EF33C0756E4}.Release|Any CPU.ActiveCfg = Release|Any CPU
		{C222350F-3620-454F-AEFD-1EF33C0756E4}.Release|Any CPU.Build.0 = Release|Any CPU
	EndGlobalSection
	GlobalSection(SolutionProperties) = preSolution
		HideSolutionNode = FALSE
	EndGlobalSection
	GlobalSection(ExtensibilityGlobals) = postSolution
		SolutionGuid = {147829EE-379B-47D7-A391-0704DA71DFF6}
	EndGlobalSection
EndGlobal
